
Microsoft Visual Studio Solution File, Format Version 12.00
# Visual Studio 15
VisualStudioVersion = 15.0.27703.2047
MinimumVisualStudioVersion = 10.0.40219.1
Project("{FAE04EC0-301F-11D3-BF4B-00C04F79EFBC}") = "Paint Problem", "Paint Problem\Paint Problem.csproj", "{ADD0A1AD-0080-4520-8DCE-CE99DAE18AB3}"
EndProject
Global
	GlobalSection(SolutionConfigurationPlatforms) = preSolution
		Debug|Any CPU = Debug|Any CPU
		Release|Any CPU = Release|Any CPU
	EndGlobalSection
	GlobalSection(ProjectConfigurationPlatforms) = postSolution
		{ADD0A1AD-0080-4520-8DCE-CE99DAE18AB3}.Debug|Any CPU.ActiveCfg = Debug|Any CPU
		{ADD0A1AD-0080-4520-8DCE-CE99DAE18AB3}.Debug|Any CPU.Build.0 = Debug|Any CPU
		{ADD0A1AD-0080-4520-8DCE-CE99DAE18AB3}.Release|Any CPU.ActiveCfg = Release|Any CPU
		{ADD0A1AD-0080-4520-8DCE-CE99DAE18AB3}.Release|Any CPU.Build.0 = Release|Any CPU
	EndGlobalSection
	GlobalSection(SolutionProperties) = preSolution
		HideSolutionNode = FALSE
	EndGlobalSection
	GlobalSection(ExtensibilityGlobals) = postSolution
		SolutionGuid = {5EE8C345-6D56-46B0-B649-BE157D4FF9C5}
	EndGlobalSection
EndGlobal
